
Microsoft Visual Studio Solution File, Format Version 12.00
# Visual Studio Version 16
VisualStudioVersion = 16.0.32630.194
MinimumVisualStudioVersion = 10.0.40219.1
Project("{9A19103F-16F7-4668-BE54-9A1E7A4F7556}") = "EGIDAssessment.API", "EGIDAssessment.API\EGIDAssessment.API.csproj", "{A5B034EE-B5B2-4A52-B057-D46EE61640C7}"
EndProject
Project("{9A19103F-16F7-4668-BE54-9A1E7A4F7556}") = "EGIDAssessment.Infrastructure", "EGIDAssessment.Infrastructure\EGIDAssessment.Infrastructure.csproj", "{3BDBA5DA-E849-4704-BC60-192351ADAEB8}"
EndProject
Project("{9A19103F-16F7-4668-BE54-9A1E7A4F7556}") = "EGIDAssessment.Core", "EGIDAssessment.Core\EGIDAssessment.Core.csproj", "{C6CE7424-3E14-4146-914B-B76B7145E5C5}"
EndProject
Global
	GlobalSection(SolutionConfigurationPlatforms) = preSolution
		Debug|Any CPU = Debug|Any CPU
		Release|Any CPU = Release|Any CPU
	EndGlobalSection
	GlobalSection(ProjectConfigurationPlatforms) = postSolution
		{A5B034EE-B5B2-4A52-B057-D46EE61640C7}.Debug|Any CPU.ActiveCfg = Debug|Any CPU
		{A5B034EE-B5B2-4A52-B057-D46EE61640C7}.Debug|Any CPU.Build.0 = Debug|Any CPU
		{A5B034EE-B5B2-4A52-B057-D46EE61640C7}.Release|Any CPU.ActiveCfg = Release|Any CPU
		{A5B034EE-B5B2-4A52-B057-D46EE61640C7}.Release|Any CPU.Build.0 = Release|Any CPU
		{3BDBA5DA-E849-4704-BC60-192351ADAEB8}.Debug|Any CPU.ActiveCfg = Debug|Any CPU
		{3BDBA5DA-E849-4704-BC60-192351ADAEB8}.Debug|Any CPU.Build.0 = Debug|Any CPU
		{3BDBA5DA-E849-4704-BC60-192351ADAEB8}.Release|Any CPU.ActiveCfg = Release|Any CPU
		{3BDBA5DA-E849-4704-BC60-192351ADAEB8}.Release|Any CPU.Build.0 = Release|Any CPU
		{C6CE7424-3E14-4146-914B-B76B7145E5C5}.Debug|Any CPU.ActiveCfg = Debug|Any CPU
		{C6CE7424-3E14-4146-914B-B76B7145E5C5}.Debug|Any CPU.Build.0 = Debug|Any CPU
		{C6CE7424-3E14-4146-914B-B76B7145E5C5}.Release|Any CPU.ActiveCfg = Release|Any CPU
		{C6CE7424-3E14-4146-914B-B76B7145E5C5}.Release|Any CPU.Build.0 = Release|Any CPU
	EndGlobalSection
	GlobalSection(SolutionProperties) = preSolution
		HideSolutionNode = FALSE
	EndGlobalSection
	GlobalSection(ExtensibilityGlobals) = postSolution
		SolutionGuid = {638AEE0C-F39C-4117-A6FC-4474CB4DE3A8}
	EndGlobalSection
EndGlobal
